# THIS IS AN AUTOGENERATED FILE. DO NOT EDIT THIS FILE DIRECTLY.
# yarn lockfile v1


liara@^0.0.1:
  version "0.0.1"
  resolved "https://registry.yarnpkg.com/liara/-/liara-0.0.1.tgz#d6a9f3ee632074e683ce660837b242af559c938a"
  integrity sha512-d6uhPm/HxV2HU3kIelynAsLdomN5tR2ta4JDsAP/bIj9nvInY8pGuso5iDyOLra7XqutvB8tQb7bRW7tizelPw==
